{
  "requires": true,
  "lockfileVersion": 1,
  "dependencies": {
    "bootstrap-icons": {
      "version": "1.2.0",
      "resolved": "https://registry.npmjs.org/bootstrap-icons/-/bootstrap-icons-1.2.0.tgz",
      "integrity": "sha512-ysTbYvuRAPky/eRmqRm7S2X+AOJr3/goN2NA3IhqYu1Ikt6/ZO6OuT3eILGTVBkjHbX1Anku/Lqqwsw/g166Xg=="
    }
  }
}
