
Microsoft Visual Studio Solution File, Format Version 12.00
# Visual Studio Version 16
VisualStudioVersion = 16.0.30717.126
MinimumVisualStudioVersion = 10.0.40219.1
Project("{FAE04EC0-301F-11D3-BF4B-00C04F79EFBC}") = "IRIS10_UI_Dev_ASPNETMVC5", "IRIS10_UI_Dev_ASPNETMVC5\IRIS10_UI_Dev_ASPNETMVC5.csproj", "{3C99715E-EC21-4C90-A8C0-F0C2585C2BA9}"
EndProject
Global
	GlobalSection(SolutionConfigurationPlatforms) = preSolution
		Debug|Any CPU = Debug|Any CPU
		Release|Any CPU = Release|Any CPU
	EndGlobalSection
	GlobalSection(ProjectConfigurationPlatforms) = postSolution
		{3C99715E-EC21-4C90-A8C0-F0C2585C2BA9}.Debug|Any CPU.ActiveCfg = Debug|Any CPU
		{3C99715E-EC21-4C90-A8C0-F0C2585C2BA9}.Debug|Any CPU.Build.0 = Debug|Any CPU
		{3C99715E-EC21-4C90-A8C0-F0C2585C2BA9}.Release|Any CPU.ActiveCfg = Release|Any CPU
		{3C99715E-EC21-4C90-A8C0-F0C2585C2BA9}.Release|Any CPU.Build.0 = Release|Any CPU
	EndGlobalSection
	GlobalSection(SolutionProperties) = preSolution
		HideSolutionNode = FALSE
	EndGlobalSection
	GlobalSection(ExtensibilityGlobals) = postSolution
		SolutionGuid = {7B7DC1D4-2A66-400A-923D-3E75AE3CC30B}
	EndGlobalSection
EndGlobal
